
Microsoft Visual Studio Solution File, Format Version 12.00
# Visual Studio Version 17
VisualStudioVersion = 17.0.31903.59
MinimumVisualStudioVersion = 10.0.40219.1
Project("{FAE04EC0-301F-11D3-BF4B-00C04F79EFBC}") = "ChanSight.Core", "src\ChanSight.Core\ChanSight.Core.csproj", "{A3D21D6B-9E3E-4C48-A1A2-6F4C3B1B8A01}"
EndProject
Project("{FAE04EC0-301F-11D3-BF4B-00C04F79EFBC}") = "ChanSight.Capture", "src\ChanSight.Capture\ChanSight.Capture.csproj", "{B1F5E9AC-1DD1-445A-9D05-E12D3D3E5976}"
EndProject
Project("{FAE04EC0-301F-11D3-BF4B-00C04F79EFBC}") = "ChanSight.Recorder", "src\ChanSight.Recorder\ChanSight.Recorder.csproj", "{C68275C4-9451-4D23-B066-1AC7030C3865}"
EndProject
Project("{FAE04EC0-301F-11D3-BF4B-00C04F79EFBC}") = "ChanSight.Cli", "src\ChanSight.Cli\ChanSight.Cli.csproj", "{D88C6536-FA0F-4E23-A1D7-BD8C5D1E23D3}"
EndProject
Project("{FAE04EC0-301F-11D3-BF4B-00C04F79EFBC}") = "ChanSight.Tests", "tests\ChanSight.Tests\ChanSight.Tests.csproj", "{E2DD2B0D-A128-449F-AD25-7F96F11283E0}"
EndProject
Project("{2150E333-8FDC-42A3-9474-1A3956D46DE8}") = "src", "src", "{827E0CD3-B72D-47B6-A68D-7590B98EB39B}"
EndProject
Project("{FAE04EC0-301F-11D3-BF4B-00C04F79EFBC}") = "ChanSight.Vision", "src\ChanSight.Vision\ChanSight.Vision.csproj", "{7EA52980-1E01-4E39-A0FC-8E7587235F0D}"
EndProject
Global
	GlobalSection(SolutionConfigurationPlatforms) = preSolution
		Debug|Any CPU = Debug|Any CPU
		Debug|x64 = Debug|x64
		Debug|x86 = Debug|x86
		Release|Any CPU = Release|Any CPU
		Release|x64 = Release|x64
		Release|x86 = Release|x86
	EndGlobalSection
	GlobalSection(ProjectConfigurationPlatforms) = postSolution
		{A3D21D6B-9E3E-4C48-A1A2-6F4C3B1B8A01}.Debug|Any CPU.ActiveCfg = Debug|Any CPU
		{A3D21D6B-9E3E-4C48-A1A2-6F4C3B1B8A01}.Debug|Any CPU.Build.0 = Debug|Any CPU
		{A3D21D6B-9E3E-4C48-A1A2-6F4C3B1B8A01}.Debug|x64.ActiveCfg = Debug|Any CPU
		{A3D21D6B-9E3E-4C48-A1A2-6F4C3B1B8A01}.Debug|x64.Build.0 = Debug|Any CPU
		{A3D21D6B-9E3E-4C48-A1A2-6F4C3B1B8A01}.Debug|x86.ActiveCfg = Debug|Any CPU
		{A3D21D6B-9E3E-4C48-A1A2-6F4C3B1B8A01}.Debug|x86.Build.0 = Debug|Any CPU
		{A3D21D6B-9E3E-4C48-A1A2-6F4C3B1B8A01}.Release|Any CPU.ActiveCfg = Release|Any CPU
		{A3D21D6B-9E3E-4C48-A1A2-6F4C3B1B8A01}.Release|Any CPU.Build.0 = Release|Any CPU
		{A3D21D6B-9E3E-4C48-A1A2-6F4C3B1B8A01}.Release|x64.ActiveCfg = Release|Any CPU
		{A3D21D6B-9E3E-4C48-A1A2-6F4C3B1B8A01}.Release|x64.Build.0 = Release|Any CPU
		{A3D21D6B-9E3E-4C48-A1A2-6F4C3B1B8A01}.Release|x86.ActiveCfg = Release|Any CPU
		{A3D21D6B-9E3E-4C48-A1A2-6F4C3B1B8A01}.Release|x86.Build.0 = Release|Any CPU
		{B1F5E9AC-1DD1-445A-9D05-E12D3D3E5976}.Debug|Any CPU.ActiveCfg = Debug|Any CPU
		{B1F5E9AC-1DD1-445A-9D05-E12D3D3E5976}.Debug|Any CPU.Build.0 = Debug|Any CPU
		{B1F5E9AC-1DD1-445A-9D05-E12D3D3E5976}.Debug|x64.ActiveCfg = Debug|Any CPU
		{B1F5E9AC-1DD1-445A-9D05-E12D3D3E5976}.Debug|x64.Build.0 = Debug|Any CPU
		{B1F5E9AC-1DD1-445A-9D05-E12D3D3E5976}.Debug|x86.ActiveCfg = Debug|Any CPU
		{B1F5E9AC-1DD1-445A-9D05-E12D3D3E5976}.Debug|x86.Build.0 = Debug|Any CPU
		{B1F5E9AC-1DD1-445A-9D05-E12D3D3E5976}.Release|Any CPU.ActiveCfg = Release|Any CPU
		{B1F5E9AC-1DD1-445A-9D05-E12D3D3E5976}.Release|Any CPU.Build.0 = Release|Any CPU
		{B1F5E9AC-1DD1-445A-9D05-E12D3D3E5976}.Release|x64.ActiveCfg = Release|Any CPU
		{B1F5E9AC-1DD1-445A-9D05-E12D3D3E5976}.Release|x64.Build.0 = Release|Any CPU
		{B1F5E9AC-1DD1-445A-9D05-E12D3D3E5976}.Release|x86.ActiveCfg = Release|Any CPU
		{B1F5E9AC-1DD1-445A-9D05-E12D3D3E5976}.Release|x86.Build.0 = Release|Any CPU
		{C68275C4-9451-4D23-B066-1AC7030C3865}.Debug|Any CPU.ActiveCfg = Debug|Any CPU
		{C68275C4-9451-4D23-B066-1AC7030C3865}.Debug|Any CPU.Build.0 = Debug|Any CPU
		{C68275C4-9451-4D23-B066-1AC7030C3865}.Debug|x64.ActiveCfg = Debug|Any CPU
		{C68275C4-9451-4D23-B066-1AC7030C3865}.Debug|x64.Build.0 = Debug|Any CPU
		{C68275C4-9451-4D23-B066-1AC7030C3865}.Debug|x86.ActiveCfg = Debug|Any CPU
		{C68275C4-9451-4D23-B066-1AC7030C3865}.Debug|x86.Build.0 = Debug|Any CPU
		{C68275C4-9451-4D23-B066-1AC7030C3865}.Release|Any CPU.ActiveCfg = Release|Any CPU
		{C68275C4-9451-4D23-B066-1AC7030C3865}.Release|Any CPU.Build.0 = Release|Any CPU
		{C68275C4-9451-4D23-B066-1AC7030C3865}.Release|x64.ActiveCfg = Release|Any CPU
		{C68275C4-9451-4D23-B066-1AC7030C3865}.Release|x64.Build.0 = Release|Any CPU
		{C68275C4-9451-4D23-B066-1AC7030C3865}.Release|x86.ActiveCfg = Release|Any CPU
		{C68275C4-9451-4D23-B066-1AC7030C3865}.Release|x86.Build.0 = Release|Any CPU
		{D88C6536-FA0F-4E23-A1D7-BD8C5D1E23D3}.Debug|Any CPU.ActiveCfg = Debug|Any CPU
		{D88C6536-FA0F-4E23-A1D7-BD8C5D1E23D3}.Debug|Any CPU.Build.0 = Debug|Any CPU
		{D88C6536-FA0F-4E23-A1D7-BD8C5D1E23D3}.Debug|x64.ActiveCfg = Debug|Any CPU
		{D88C6536-FA0F-4E23-A1D7-BD8C5D1E23D3}.Debug|x64.Build.0 = Debug|Any CPU
		{D88C6536-FA0F-4E23-A1D7-BD8C5D1E23D3}.Debug|x86.ActiveCfg = Debug|Any CPU
		{D88C6536-FA0F-4E23-A1D7-BD8C5D1E23D3}.Debug|x86.Build.0 = Debug|Any CPU
		{D88C6536-FA0F-4E23-A1D7-BD8C5D1E23D3}.Release|Any CPU.ActiveCfg = Release|Any CPU
		{D88C6536-FA0F-4E23-A1D7-BD8C5D1E23D3}.Release|Any CPU.Build.0 = Release|Any CPU
		{D88C6536-FA0F-4E23-A1D7-BD8C5D1E23D3}.Release|x64.ActiveCfg = Release|Any CPU
		{D88C6536-FA0F-4E23-A1D7-BD8C5D1E23D3}.Release|x64.Build.0 = Release|Any CPU
		{D88C6536-FA0F-4E23-A1D7-BD8C5D1E23D3}.Release|x86.ActiveCfg = Release|Any CPU
		{D88C6536-FA0F-4E23-A1D7-BD8C5D1E23D3}.Release|x86.Build.0 = Release|Any CPU
		{E2DD2B0D-A128-449F-AD25-7F96F11283E0}.Debug|Any CPU.ActiveCfg = Debug|Any CPU
		{E2DD2B0D-A128-449F-AD25-7F96F11283E0}.Debug|Any CPU.Build.0 = Debug|Any CPU
		{E2DD2B0D-A128-449F-AD25-7F96F11283E0}.Debug|x64.ActiveCfg = Debug|Any CPU
		{E2DD2B0D-A128-449F-AD25-7F96F11283E0}.Debug|x64.Build.0 = Debug|Any CPU
		{E2DD2B0D-A128-449F-AD25-7F96F11283E0}.Debug|x86.ActiveCfg = Debug|Any CPU
		{E2DD2B0D-A128-449F-AD25-7F96F11283E0}.Debug|x86.Build.0 = Debug|Any CPU
		{E2DD2B0D-A128-449F-AD25-7F96F11283E0}.Release|Any CPU.ActiveCfg = Release|Any CPU
		{E2DD2B0D-A128-449F-AD25-7F96F11283E0}.Release|Any CPU.Build.0 = Release|Any CPU
		{E2DD2B0D-A128-449F-AD25-7F96F11283E0}.Release|x64.ActiveCfg = Release|Any CPU
		{E2DD2B0D-A128-449F-AD25-7F96F11283E0}.Release|x64.Build.0 = Release|Any CPU
		{E2DD2B0D-A128-449F-AD25-7F96F11283E0}.Release|x86.ActiveCfg = Release|Any CPU
		{E2DD2B0D-A128-449F-AD25-7F96F11283E0}.Release|x86.Build.0 = Release|Any CPU
		{7EA52980-1E01-4E39-A0FC-8E7587235F0D}.Debug|Any CPU.ActiveCfg = Debug|Any CPU
		{7EA52980-1E01-4E39-A0FC-8E7587235F0D}.Debug|Any CPU.Build.0 = Debug|Any CPU
		{7EA52980-1E01-4E39-A0FC-8E7587235F0D}.Debug|x64.ActiveCfg = Debug|Any CPU
		{7EA52980-1E01-4E39-A0FC-8E7587235F0D}.Debug|x64.Build.0 = Debug|Any CPU
		{7EA52980-1E01-4E39-A0FC-8E7587235F0D}.Debug|x86.ActiveCfg = Debug|Any CPU
		{7EA52980-1E01-4E39-A0FC-8E7587235F0D}.Debug|x86.Build.0 = Debug|Any CPU
		{7EA52980-1E01-4E39-A0FC-8E7587235F0D}.Release|Any CPU.ActiveCfg = Release|Any CPU
		{7EA52980-1E01-4E39-A0FC-8E7587235F0D}.Release|Any CPU.Build.0 = Release|Any CPU
		{7EA52980-1E01-4E39-A0FC-8E7587235F0D}.Release|x64.ActiveCfg = Release|Any CPU
		{7EA52980-1E01-4E39-A0FC-8E7587235F0D}.Release|x64.Build.0 = Release|Any CPU
		{7EA52980-1E01-4E39-A0FC-8E7587235F0D}.Release|x86.ActiveCfg = Release|Any CPU
		{7EA52980-1E01-4E39-A0FC-8E7587235F0D}.Release|x86.Build.0 = Release|Any CPU
	EndGlobalSection
	GlobalSection(SolutionProperties) = preSolution
		HideSolutionNode = FALSE
	EndGlobalSection
	GlobalSection(NestedProjects) = preSolution
		{7EA52980-1E01-4E39-A0FC-8E7587235F0D} = {827E0CD3-B72D-47B6-A68D-7590B98EB39B}
	EndGlobalSection
EndGlobal
